// !$*UTF8*$!
{
	archiveVersion = 1;
	classes = {
	};
	objectVersion = 46;
	objects = {

/* Begin PBXBuildFile section */
		9D8B56C3289A4278B65D228B /* libPods.a in Frameworks */ = {isa = PBXBuildFile; fileRef = C522D335467140208F98A35A /* libPods.a */; };
		B83F1D19196C9B9600323993 /* MapKit.framework in Frameworks */ = {isa = PBXBuildFile; fileRef = B83F1D18196C9B9600323993 /* MapKit.framework */; };
		B84256A5196C9B02003722D9 /* Foundation.framework in Frameworks */ = {isa = PBXBuildFile; fileRef = B84256A4196C9B02003722D9 /* Foundation.framework */; };
		B84256A7196C9B02003722D9 /* CoreGraphics.framework in Frameworks */ = {isa = PBXBuildFile; fileRef = B84256A6196C9B02003722D9 /* CoreGraphics.framework */; };
		B84256A9196C9B02003722D9 /* UIKit.framework in Frameworks */ = {isa = PBXBuildFile; fileRef = B84256A8196C9B02003722D9 /* UIKit.framework */; };
		B84256AF196C9B02003722D9 /* InfoPlist.strings in Resources */ = {isa = PBXBuildFile; fileRef = B84256AD196C9B02003722D9 /* InfoPlist.strings */; };
		B84256B1196C9B02003722D9 /* main.m in Sources */ = {isa = PBXBuildFile; fileRef = B84256B0196C9B02003722D9 /* main.m */; };
		B84256B5196C9B02003722D9 /* SPAppDelegate.m in Sources */ = {isa = PBXBuildFile; fileRef = B84256B4196C9B02003722D9 /* SPAppDelegate.m */; };
		B84256B8196C9B02003722D9 /* Main.storyboard in Resources */ = {isa = PBXBuildFile; fileRef = B84256B6196C9B02003722D9 /* Main.storyboard */; };
		B84256BB196C9B02003722D9 /* SPViewController.m in Sources */ = {isa = PBXBuildFile; fileRef = B84256BA196C9B02003722D9 /* SPViewController.m */; };
		B84256BD196C9B02003722D9 /* Images.xcassets in Resources */ = {isa = PBXBuildFile; fileRef = B84256BC196C9B02003722D9 /* Images.xcassets */; };
		B84256C4196C9B03003722D9 /* XCTest.framework in Frameworks */ = {isa = PBXBuildFile; fileRef = B84256C3196C9B03003722D9 /* XCTest.framework */; };
		B84256C5196C9B03003722D9 /* Foundation.framework in Frameworks */ = {isa = PBXBuildFile; fileRef = B84256A4196C9B02003722D9 /* Foundation.framework */; };
		B84256C6196C9B03003722D9 /* UIKit.framework in Frameworks */ = {isa = PBXBuildFile; fileRef = B84256A8196C9B02003722D9 /* UIKit.framework */; };
		B84256CE196C9B03003722D9 /* InfoPlist.strings in Resources */ = {isa = PBXBuildFile; fileRef = B84256CC196C9B03003722D9 /* InfoPlist.strings */; };
		B84256D0196C9B03003722D9 /* SpotTests.m in Sources */ = {isa = PBXBuildFile; fileRef = B84256CF196C9B03003722D9 /* SpotTests.m */; };
		B8C0C9DE196E3A410069C407 /* SPKeychainService.m in Sources */ = {isa = PBXBuildFile; fileRef = B8C0C9DD196E3A410069C407 /* SPKeychainService.m */; };
		B8C0C9E2196E3A900069C407 /* SPDispatch.m in Sources */ = {isa = PBXBuildFile; fileRef = B8C0C9E1196E3A900069C407 /* SPDispatch.m */; };
		B8C0C9E6196E3B460069C407 /* SPHTTPClient.m in Sources */ = {isa = PBXBuildFile; fileRef = B8C0C9E5196E3B460069C407 /* SPHTTPClient.m */; };
		B8C0C9E9196E3BAE0069C407 /* NSError+SP.m in Sources */ = {isa = PBXBuildFile; fileRef = B8C0C9E8196E3BAE0069C407 /* NSError+SP.m */; };
		B8C0C9EC196E3BE30069C407 /* SPJSONResponseSerializer.m in Sources */ = {isa = PBXBuildFile; fileRef = B8C0C9EB196E3BE30069C407 /* SPJSONResponseSerializer.m */; };
		B8C0C9F1196E3CBC0069C407 /* SPService.m in Sources */ = {isa = PBXBuildFile; fileRef = B8C0C9F0196E3CBC0069C407 /* SPService.m */; };
		B8C0C9F4196E3D140069C407 /* SPBuild.m in Sources */ = {isa = PBXBuildFile; fileRef = B8C0C9F3196E3D140069C407 /* SPBuild.m */; };
		B8C0C9F8196E3DA60069C407 /* UIView+SP.m in Sources */ = {isa = PBXBuildFile; fileRef = B8C0C9F7196E3DA60069C407 /* UIView+SP.m */; };
		B8C0C9FB196E3E020069C407 /* NSDictionary+SP.m in Sources */ = {isa = PBXBuildFile; fileRef = B8C0C9FA196E3E020069C407 /* NSDictionary+SP.m */; };
		B8C0C9FE196E3E540069C407 /* NSDate+SP.m in Sources */ = {isa = PBXBuildFile; fileRef = B8C0C9FD196E3E540069C407 /* NSDate+SP.m */; };
		B8C0CA04196E3F2B0069C407 /* SPBackendClient.m in Sources */ = {isa = PBXBuildFile; fileRef = B8C0CA03196E3F2B0069C407 /* SPBackendClient.m */; };
		B8C0CA07196E40080069C407 /* Model.xcdatamodeld in Sources */ = {isa = PBXBuildFile; fileRef = B8C0CA05196E40080069C407 /* Model.xcdatamodeld */; };
		B8C0CA2E196E44C20069C407 /* SPObject+SP.m in Sources */ = {isa = PBXBuildFile; fileRef = B8C0CA2D196E44C20069C407 /* SPObject+SP.m */; };
		B8C0CA32196E45110069C407 /* SPUser+SP.m in Sources */ = {isa = PBXBuildFile; fileRef = B8C0CA31196E45110069C407 /* SPUser+SP.m */; };
		B8C0CA38196E45750069C407 /* SPRelationship.m in Sources */ = {isa = PBXBuildFile; fileRef = B8C0CA37196E45750069C407 /* SPRelationship.m */; };
		B8C0CA3B196E45750069C407 /* SPSpot.m in Sources */ = {isa = PBXBuildFile; fileRef = B8C0CA3A196E45750069C407 /* SPSpot.m */; };
		B8C0CA3E196E45750069C407 /* SPObject.m in Sources */ = {isa = PBXBuildFile; fileRef = B8C0CA3D196E45750069C407 /* SPObject.m */; };
		B8C0CA41196E45750069C407 /* SPComment.m in Sources */ = {isa = PBXBuildFile; fileRef = B8C0CA40196E45750069C407 /* SPComment.m */; };
		B8C0CA44196E45750069C407 /* SPGroup.m in Sources */ = {isa = PBXBuildFile; fileRef = B8C0CA43196E45750069C407 /* SPGroup.m */; };
		B8C0CA47196E45B80069C407 /* SPUser.m in Sources */ = {isa = PBXBuildFile; fileRef = B8C0CA46196E45B80069C407 /* SPUser.m */; };
		B8C0CA4B196E46240069C407 /* SPGroup+SP.m in Sources */ = {isa = PBXBuildFile; fileRef = B8C0CA4A196E46240069C407 /* SPGroup+SP.m */; };
		B8C0CA4F196E46500069C407 /* SPRelationship+SP.m in Sources */ = {isa = PBXBuildFile; fileRef = B8C0CA4E196E46500069C407 /* SPRelationship+SP.m */; };
		B8C0CA53196E466B0069C407 /* SPSpot+SP.m in Sources */ = {isa = PBXBuildFile; fileRef = B8C0CA52196E466B0069C407 /* SPSpot+SP.m */; };
		B8C0CA57196E46960069C407 /* SPComment+SP.m in Sources */ = {isa = PBXBuildFile; fileRef = B8C0CA56196E46960069C407 /* SPComment+SP.m */; };
/* End PBXBuildFile section */

/* Begin PBXContainerItemProxy section */
		B84256C7196C9B03003722D9 /* PBXContainerItemProxy */ = {
			isa = PBXContainerItemProxy;
			containerPortal = B8425699196C9B02003722D9 /* Project object */;
			proxyType = 1;
			remoteGlobalIDString = B84256A0196C9B02003722D9;
			remoteInfo = Spot;
		};
/* End PBXContainerItemProxy section */

/* Begin PBXFileReference section */
		B83F1D18196C9B9600323993 /* MapKit.framework */ = {isa = PBXFileReference; lastKnownFileType = wrapper.framework; name = MapKit.framework; path = System/Library/Frameworks/MapKit.framework; sourceTree = SDKROOT; };
		B84256A1196C9B02003722D9 /* Spot.app */ = {isa = PBXFileReference; explicitFileType = wrapper.application; includeInIndex = 0; path = Spot.app; sourceTree = BUILT_PRODUCTS_DIR; };
		B84256A4196C9B02003722D9 /* Foundation.framework */ = {isa = PBXFileReference; lastKnownFileType = wrapper.framework; name = Foundation.framework; path = System/Library/Frameworks/Foundation.framework; sourceTree = SDKROOT; };
		B84256A6196C9B02003722D9 /* CoreGraphics.framework */ = {isa = PBXFileReference; lastKnownFileType = wrapper.framework; name = CoreGraphics.framework; path = System/Library/Frameworks/CoreGraphics.framework; sourceTree = SDKROOT; };
		B84256A8196C9B02003722D9 /* UIKit.framework */ = {isa = PBXFileReference; lastKnownFileType = wrapper.framework; name = UIKit.framework; path = System/Library/Frameworks/UIKit.framework; sourceTree = SDKROOT; };
		B84256AC196C9B02003722D9 /* Spot-Info.plist */ = {isa = PBXFileReference; lastKnownFileType = text.plist.xml; path = "Spot-Info.plist"; sourceTree = "<group>"; };
		B84256AE196C9B02003722D9 /* en */ = {isa = PBXFileReference; lastKnownFileType = text.plist.strings; name = en; path = en.lproj/InfoPlist.strings; sourceTree = "<group>"; };
		B84256B0196C9B02003722D9 /* main.m */ = {isa = PBXFileReference; lastKnownFileType = sourcecode.c.objc; path = main.m; sourceTree = "<group>"; };
		B84256B2196C9B02003722D9 /* Spot-Prefix.pch */ = {isa = PBXFileReference; lastKnownFileType = sourcecode.c.h; path = "Spot-Prefix.pch"; sourceTree = "<group>"; };
		B84256B3196C9B02003722D9 /* SPAppDelegate.h */ = {isa = PBXFileReference; lastKnownFileType = sourcecode.c.h; path = SPAppDelegate.h; sourceTree = "<group>"; };
		B84256B4196C9B02003722D9 /* SPAppDelegate.m */ = {isa = PBXFileReference; lastKnownFileType = sourcecode.c.objc; path = SPAppDelegate.m; sourceTree = "<group>"; };
		B84256B7196C9B02003722D9 /* Base */ = {isa = PBXFileReference; lastKnownFileType = file.storyboard; name = Base; path = Base.lproj/Main.storyboard; sourceTree = "<group>"; };
		B84256B9196C9B02003722D9 /* SPViewController.h */ = {isa = PBXFileReference; lastKnownFileType = sourcecode.c.h; path = SPViewController.h; sourceTree = "<group>"; };
		B84256BA196C9B02003722D9 /* SPViewController.m */ = {isa = PBXFileReference; lastKnownFileType = sourcecode.c.objc; path = SPViewController.m; sourceTree = "<group>"; };
		B84256BC196C9B02003722D9 /* Images.xcassets */ = {isa = PBXFileReference; lastKnownFileType = folder.assetcatalog; path = Images.xcassets; sourceTree = "<group>"; };
		B84256C2196C9B03003722D9 /* SpotTests.xctest */ = {isa = PBXFileReference; explicitFileType = wrapper.cfbundle; includeInIndex = 0; path = SpotTests.xctest; sourceTree = BUILT_PRODUCTS_DIR; };
		B84256C3196C9B03003722D9 /* XCTest.framework */ = {isa = PBXFileReference; lastKnownFileType = wrapper.framework; name = XCTest.framework; path = Library/Frameworks/XCTest.framework; sourceTree = DEVELOPER_DIR; };
		B84256CB196C9B03003722D9 /* SpotTests-Info.plist */ = {isa = PBXFileReference; lastKnownFileType = text.plist.xml; path = "SpotTests-Info.plist"; sourceTree = "<group>"; };
		B84256CD196C9B03003722D9 /* en */ = {isa = PBXFileReference; lastKnownFileType = text.plist.strings; name = en; path = en.lproj/InfoPlist.strings; sourceTree = "<group>"; };
		B84256CF196C9B03003722D9 /* SpotTests.m */ = {isa = PBXFileReference; lastKnownFileType = sourcecode.c.objc; path = SpotTests.m; sourceTree = "<group>"; };
		B85AFD64196CF02300924734 /* SPConstants.h */ = {isa = PBXFileReference; lastKnownFileType = sourcecode.c.h; path = SPConstants.h; sourceTree = "<group>"; };
		B8C0C9DC196E3A410069C407 /* SPKeychainService.h */ = {isa = PBXFileReference; fileEncoding = 4; lastKnownFileType = sourcecode.c.h; path = SPKeychainService.h; sourceTree = "<group>"; };
		B8C0C9DD196E3A410069C407 /* SPKeychainService.m */ = {isa = PBXFileReference; fileEncoding = 4; lastKnownFileType = sourcecode.c.objc; path = SPKeychainService.m; sourceTree = "<group>"; };
		B8C0C9E0196E3A900069C407 /* SPDispatch.h */ = {isa = PBXFileReference; fileEncoding = 4; lastKnownFileType = sourcecode.c.h; path = SPDispatch.h; sourceTree = "<group>"; };
		B8C0C9E1196E3A900069C407 /* SPDispatch.m */ = {isa = PBXFileReference; fileEncoding = 4; lastKnownFileType = sourcecode.c.objc; path = SPDispatch.m; sourceTree = "<group>"; };
		B8C0C9E4196E3B460069C407 /* SPHTTPClient.h */ = {isa = PBXFileReference; fileEncoding = 4; lastKnownFileType = sourcecode.c.h; path = SPHTTPClient.h; sourceTree = "<group>"; };
		B8C0C9E5196E3B460069C407 /* SPHTTPClient.m */ = {isa = PBXFileReference; fileEncoding = 4; lastKnownFileType = sourcecode.c.objc; path = SPHTTPClient.m; sourceTree = "<group>"; };
		B8C0C9E7196E3BAE0069C407 /* NSError+SP.h */ = {isa = PBXFileReference; fileEncoding = 4; lastKnownFileType = sourcecode.c.h; path = "NSError+SP.h"; sourceTree = "<group>"; };
		B8C0C9E8196E3BAE0069C407 /* NSError+SP.m */ = {isa = PBXFileReference; fileEncoding = 4; lastKnownFileType = sourcecode.c.objc; path = "NSError+SP.m"; sourceTree = "<group>"; };
		B8C0C9EA196E3BE30069C407 /* SPJSONResponseSerializer.h */ = {isa = PBXFileReference; fileEncoding = 4; lastKnownFileType = sourcecode.c.h; path = SPJSONResponseSerializer.h; sourceTree = "<group>"; };
		B8C0C9EB196E3BE30069C407 /* SPJSONResponseSerializer.m */ = {isa = PBXFileReference; fileEncoding = 4; lastKnownFileType = sourcecode.c.objc; path = SPJSONResponseSerializer.m; sourceTree = "<group>"; };
		B8C0C9EF196E3CBC0069C407 /* SPService.h */ = {isa = PBXFileReference; fileEncoding = 4; lastKnownFileType = sourcecode.c.h; path = SPService.h; sourceTree = "<group>"; };
		B8C0C9F0196E3CBC0069C407 /* SPService.m */ = {isa = PBXFileReference; fileEncoding = 4; lastKnownFileType = sourcecode.c.objc; path = SPService.m; sourceTree = "<group>"; };
		B8C0C9F2196E3D140069C407 /* SPBuild.h */ = {isa = PBXFileReference; fileEncoding = 4; lastKnownFileType = sourcecode.c.h; path = SPBuild.h; sourceTree = "<group>"; };
		B8C0C9F3196E3D140069C407 /* SPBuild.m */ = {isa = PBXFileReference; fileEncoding = 4; lastKnownFileType = sourcecode.c.objc; path = SPBuild.m; sourceTree = "<group>"; };
		B8C0C9F6196E3DA60069C407 /* UIView+SP.h */ = {isa = PBXFileReference; fileEncoding = 4; lastKnownFileType = sourcecode.c.h; path = "UIView+SP.h"; sourceTree = "<group>"; };
		B8C0C9F7196E3DA60069C407 /* UIView+SP.m */ = {isa = PBXFileReference; fileEncoding = 4; lastKnownFileType = sourcecode.c.objc; path = "UIView+SP.m"; sourceTree = "<group>"; };
		B8C0C9F9196E3E020069C407 /* NSDictionary+SP.h */ = {isa = PBXFileReference; fileEncoding = 4; lastKnownFileType = sourcecode.c.h; path = "NSDictionary+SP.h"; sourceTree = "<group>"; };
		B8C0C9FA196E3E020069C407 /* NSDictionary+SP.m */ = {isa = PBXFileReference; fileEncoding = 4; lastKnownFileType = sourcecode.c.objc; path = "NSDictionary+SP.m"; sourceTree = "<group>"; };
		B8C0C9FC196E3E540069C407 /* NSDate+SP.h */ = {isa = PBXFileReference; fileEncoding = 4; lastKnownFileType = sourcecode.c.h; path = "NSDate+SP.h"; sourceTree = "<group>"; };
		B8C0C9FD196E3E540069C407 /* NSDate+SP.m */ = {isa = PBXFileReference; fileEncoding = 4; lastKnownFileType = sourcecode.c.objc; path = "NSDate+SP.m"; sourceTree = "<group>"; };
		B8C0CA02196E3F2B0069C407 /* SPBackendClient.h */ = {isa = PBXFileReference; fileEncoding = 4; lastKnownFileType = sourcecode.c.h; path = SPBackendClient.h; sourceTree = "<group>"; };
		B8C0CA03196E3F2B0069C407 /* SPBackendClient.m */ = {isa = PBXFileReference; fileEncoding = 4; lastKnownFileType = sourcecode.c.objc; path = SPBackendClient.m; sourceTree = "<group>"; };
		B8C0CA06196E40080069C407 /* Model.xcdatamodel */ = {isa = PBXFileReference; lastKnownFileType = wrapper.xcdatamodel; path = Model.xcdatamodel; sourceTree = "<group>"; };
		B8C0CA2C196E44C20069C407 /* SPObject+SP.h */ = {isa = PBXFileReference; fileEncoding = 4; lastKnownFileType = sourcecode.c.h; path = "SPObject+SP.h"; sourceTree = "<group>"; };
		B8C0CA2D196E44C20069C407 /* SPObject+SP.m */ = {isa = PBXFileReference; fileEncoding = 4; lastKnownFileType = sourcecode.c.objc; path = "SPObject+SP.m"; sourceTree = "<group>"; };
		B8C0CA30196E45110069C407 /* SPUser+SP.h */ = {isa = PBXFileReference; fileEncoding = 4; lastKnownFileType = sourcecode.c.h; path = "SPUser+SP.h"; sourceTree = "<group>"; };
		B8C0CA31196E45110069C407 /* SPUser+SP.m */ = {isa = PBXFileReference; fileEncoding = 4; lastKnownFileType = sourcecode.c.objc; path = "SPUser+SP.m"; sourceTree = "<group>"; };
		B8C0CA36196E45750069C407 /* SPRelationship.h */ = {isa = PBXFileReference; fileEncoding = 4; lastKnownFileType = sourcecode.c.h; path = SPRelationship.h; sourceTree = "<group>"; };
		B8C0CA37196E45750069C407 /* SPRelationship.m */ = {isa = PBXFileReference; fileEncoding = 4; lastKnownFileType = sourcecode.c.objc; path = SPRelationship.m; sourceTree = "<group>"; };
		B8C0CA39196E45750069C407 /* SPSpot.h */ = {isa = PBXFileReference; fileEncoding = 4; lastKnownFileType = sourcecode.c.h; path = SPSpot.h; sourceTree = "<group>"; };
		B8C0CA3A196E45750069C407 /* SPSpot.m */ = {isa = PBXFileReference; fileEncoding = 4; lastKnownFileType = sourcecode.c.objc; path = SPSpot.m; sourceTree = "<group>"; };
		B8C0CA3C196E45750069C407 /* SPObject.h */ = {isa = PBXFileReference; fileEncoding = 4; lastKnownFileType = sourcecode.c.h; path = SPObject.h; sourceTree = "<group>"; };
		B8C0CA3D196E45750069C407 /* SPObject.m */ = {isa = PBXFileReference; fileEncoding = 4; lastKnownFileType = sourcecode.c.objc; path = SPObject.m; sourceTree = "<group>"; };
		B8C0CA3F196E45750069C407 /* SPComment.h */ = {isa = PBXFileReference; fileEncoding = 4; lastKnownFileType = sourcecode.c.h; path = SPComment.h; sourceTree = "<group>"; };
		B8C0CA40196E45750069C407 /* SPComment.m */ = {isa = PBXFileReference; fileEncoding = 4; lastKnownFileType = sourcecode.c.objc; path = SPComment.m; sourceTree = "<group>"; };
		B8C0CA42196E45750069C407 /* SPGroup.h */ = {isa = PBXFileReference; fileEncoding = 4; lastKnownFileType = sourcecode.c.h; path = SPGroup.h; sourceTree = "<group>"; };
		B8C0CA43196E45750069C407 /* SPGroup.m */ = {isa = PBXFileReference; fileEncoding = 4; lastKnownFileType = sourcecode.c.objc; path = SPGroup.m; sourceTree = "<group>"; };
		B8C0CA45196E45B80069C407 /* SPUser.h */ = {isa = PBXFileReference; fileEncoding = 4; lastKnownFileType = sourcecode.c.h; path = SPUser.h; sourceTree = "<group>"; };
		B8C0CA46196E45B80069C407 /* SPUser.m */ = {isa = PBXFileReference; fileEncoding = 4; lastKnownFileType = sourcecode.c.objc; path = SPUser.m; sourceTree = "<group>"; };
		B8C0CA49196E46240069C407 /* SPGroup+SP.h */ = {isa = PBXFileReference; fileEncoding = 4; lastKnownFileType = sourcecode.c.h; path = "SPGroup+SP.h"; sourceTree = "<group>"; };
		B8C0CA4A196E46240069C407 /* SPGroup+SP.m */ = {isa = PBXFileReference; fileEncoding = 4; lastKnownFileType = sourcecode.c.objc; path = "SPGroup+SP.m"; sourceTree = "<group>"; };
		B8C0CA4D196E46500069C407 /* SPRelationship+SP.h */ = {isa = PBXFileReference; fileEncoding = 4; lastKnownFileType = sourcecode.c.h; path = "SPRelationship+SP.h"; sourceTree = "<group>"; };
		B8C0CA4E196E46500069C407 /* SPRelationship+SP.m */ = {isa = PBXFileReference; fileEncoding = 4; lastKnownFileType = sourcecode.c.objc; path = "SPRelationship+SP.m"; sourceTree = "<group>"; };
		B8C0CA51196E466B0069C407 /* SPSpot+SP.h */ = {isa = PBXFileReference; fileEncoding = 4; lastKnownFileType = sourcecode.c.h; path = "SPSpot+SP.h"; sourceTree = "<group>"; };
		B8C0CA52196E466B0069C407 /* SPSpot+SP.m */ = {isa = PBXFileReference; fileEncoding = 4; lastKnownFileType = sourcecode.c.objc; path = "SPSpot+SP.m"; sourceTree = "<group>"; };
		B8C0CA55196E46960069C407 /* SPComment+SP.h */ = {isa = PBXFileReference; fileEncoding = 4; lastKnownFileType = sourcecode.c.h; path = "SPComment+SP.h"; sourceTree = "<group>"; };
		B8C0CA56196E46960069C407 /* SPComment+SP.m */ = {isa = PBXFileReference; fileEncoding = 4; lastKnownFileType = sourcecode.c.objc; path = "SPComment+SP.m"; sourceTree = "<group>"; };
		C522D335467140208F98A35A /* libPods.a */ = {isa = PBXFileReference; explicitFileType = archive.ar; includeInIndex = 0; path = libPods.a; sourceTree = BUILT_PRODUCTS_DIR; };
		FE1E6EBD08454E3B912FB5EC /* Pods.xcconfig */ = {isa = PBXFileReference; includeInIndex = 1; lastKnownFileType = text.xcconfig; name = Pods.xcconfig; path = ../Pods/Pods.xcconfig; sourceTree = "<group>"; };
/* End PBXFileReference section */

/* Begin PBXFrameworksBuildPhase section */
		B842569E196C9B02003722D9 /* Frameworks */ = {
			isa = PBXFrameworksBuildPhase;
			buildActionMask = 2147483647;
			files = (
				B84256A7196C9B02003722D9 /* CoreGraphics.framework in Frameworks */,
				B84256A9196C9B02003722D9 /* UIKit.framework in Frameworks */,
				B83F1D19196C9B9600323993 /* MapKit.framework in Frameworks */,
				B84256A5196C9B02003722D9 /* Foundation.framework in Frameworks */,
				9D8B56C3289A4278B65D228B /* libPods.a in Frameworks */,
			);
			runOnlyForDeploymentPostprocessing = 0;
		};
		B84256BF196C9B03003722D9 /* Frameworks */ = {
			isa = PBXFrameworksBuildPhase;
			buildActionMask = 2147483647;
			files = (
				B84256C4196C9B03003722D9 /* XCTest.framework in Frameworks */,
				B84256C6196C9B03003722D9 /* UIKit.framework in Frameworks */,
				B84256C5196C9B03003722D9 /* Foundation.framework in Frameworks */,
			);
			runOnlyForDeploymentPostprocessing = 0;
		};
/* End PBXFrameworksBuildPhase section */

/* Begin PBXGroup section */
		B8425698196C9B02003722D9 = {
			isa = PBXGroup;
			children = (
				B84256AA196C9B02003722D9 /* Spot */,
				B84256C9196C9B03003722D9 /* SpotTests */,
				B84256A3196C9B02003722D9 /* Frameworks */,
				B84256A2196C9B02003722D9 /* Products */,
			);
			sourceTree = "<group>";
		};
		B84256A2196C9B02003722D9 /* Products */ = {
			isa = PBXGroup;
			children = (
				B84256A1196C9B02003722D9 /* Spot.app */,
				B84256C2196C9B03003722D9 /* SpotTests.xctest */,
			);
			name = Products;
			sourceTree = "<group>";
		};
		B84256A3196C9B02003722D9 /* Frameworks */ = {
			isa = PBXGroup;
			children = (
				B83F1D18196C9B9600323993 /* MapKit.framework */,
				B84256A4196C9B02003722D9 /* Foundation.framework */,
				B84256A6196C9B02003722D9 /* CoreGraphics.framework */,
				B84256A8196C9B02003722D9 /* UIKit.framework */,
				B84256C3196C9B03003722D9 /* XCTest.framework */,
				C522D335467140208F98A35A /* libPods.a */,
			);
			name = Frameworks;
			sourceTree = "<group>";
		};
		B84256AA196C9B02003722D9 /* Spot */ = {
			isa = PBXGroup;
			children = (
				B85AFD5B196CEF8400924734 /* Source */,
				B85AFD5C196CEF8A00924734 /* Media */,
				B84256AB196C9B02003722D9 /* Supporting Files */,
			);
			path = Spot;
			sourceTree = "<group>";
		};
		B84256AB196C9B02003722D9 /* Supporting Files */ = {
			isa = PBXGroup;
			children = (
				FE1E6EBD08454E3B912FB5EC /* Pods.xcconfig */,
				B84256AC196C9B02003722D9 /* Spot-Info.plist */,
				B84256AD196C9B02003722D9 /* InfoPlist.strings */,
				B84256B0196C9B02003722D9 /* main.m */,
				B84256B2196C9B02003722D9 /* Spot-Prefix.pch */,
			);
			name = "Supporting Files";
			sourceTree = "<group>";
		};
		B84256C9196C9B03003722D9 /* SpotTests */ = {
			isa = PBXGroup;
			children = (
				B84256CF196C9B03003722D9 /* SpotTests.m */,
				B84256CA196C9B03003722D9 /* Supporting Files */,
			);
			path = SpotTests;
			sourceTree = "<group>";
		};
		B84256CA196C9B03003722D9 /* Supporting Files */ = {
			isa = PBXGroup;
			children = (
				B84256CB196C9B03003722D9 /* SpotTests-Info.plist */,
				B84256CC196C9B03003722D9 /* InfoPlist.strings */,
			);
			name = "Supporting Files";
			sourceTree = "<group>";
		};
		B85AFD5B196CEF8400924734 /* Source */ = {
			isa = PBXGroup;
			children = (
				B85AFD64196CF02300924734 /* SPConstants.h */,
				B85AFD5D196CEF9C00924734 /* Delegate */,
				B85AFD5E196CEFC000924734 /* UI */,
				B85AFD63196CEFF500924734 /* API */,
				B85AFD62196CEFE900924734 /* Utilities */,
			);
			name = Source;
			sourceTree = "<group>";
		};
		B85AFD5C196CEF8A00924734 /* Media */ = {
			isa = PBXGroup;
			children = (
				B84256BC196C9B02003722D9 /* Images.xcassets */,
			);
			name = Media;
			sourceTree = "<group>";
		};
		B85AFD5D196CEF9C00924734 /* Delegate */ = {
			isa = PBXGroup;
			children = (
				B84256B3196C9B02003722D9 /* SPAppDelegate.h */,
				B84256B4196C9B02003722D9 /* SPAppDelegate.m */,
			);
			name = Delegate;
			sourceTree = "<group>";
		};
		B85AFD5E196CEFC000924734 /* UI */ = {
			isa = PBXGroup;
			children = (
				B85AFD61196CEFDA00924734 /* Common */,
				B85AFD60196CEFD100924734 /* Controllers */,
				B85AFD5F196CEFC900924734 /* Storyboards */,
			);
			name = UI;
			sourceTree = "<group>";
		};
		B85AFD5F196CEFC900924734 /* Storyboards */ = {
			isa = PBXGroup;
			children = (
				B84256B6196C9B02003722D9 /* Main.storyboard */,
			);
			name = Storyboards;
			sourceTree = "<group>";
		};
		B85AFD60196CEFD100924734 /* Controllers */ = {
			isa = PBXGroup;
			children = (
				B84256B9196C9B02003722D9 /* SPViewController.h */,
				B84256BA196C9B02003722D9 /* SPViewController.m */,
			);
			name = Controllers;
			sourceTree = "<group>";
		};
		B85AFD61196CEFDA00924734 /* Common */ = {
			isa = PBXGroup;
			children = (
			);
			name = Common;
			sourceTree = "<group>";
		};
		B85AFD62196CEFE900924734 /* Utilities */ = {
			isa = PBXGroup;
			children = (
				B8C0C9ED196E3C960069C407 /* Build */,
				B8C0C9F5196E3D8D0069C407 /* Categories */,
				B8C0C9DF196E3A820069C407 /* Concurrency */,
				B8C0C9DB196E3A280069C407 /* Keychain */,
				B8C0C9EE196E3CA00069C407 /* Service */,
				B8C0C9E3196E3B370069C407 /* HTTP Client */,
			);
			name = Utilities;
			sourceTree = "<group>";
		};
		B85AFD63196CEFF500924734 /* API */ = {
			isa = PBXGroup;
			children = (
				B8C0CA01196E3F0B0069C407 /* Model */,
				B8C0C9FF196E3EFE0069C407 /* Backend Client */,
				B8C0CA00196E3F040069C407 /* Services */,
			);
			name = API;
			sourceTree = "<group>";
		};
		B8C0C9DB196E3A280069C407 /* Keychain */ = {
			isa = PBXGroup;
			children = (
				B8C0C9DC196E3A410069C407 /* SPKeychainService.h */,
				B8C0C9DD196E3A410069C407 /* SPKeychainService.m */,
			);
			name = Keychain;
			sourceTree = "<group>";
		};
		B8C0C9DF196E3A820069C407 /* Concurrency */ = {
			isa = PBXGroup;
			children = (
				B8C0C9E0196E3A900069C407 /* SPDispatch.h */,
				B8C0C9E1196E3A900069C407 /* SPDispatch.m */,
			);
			name = Concurrency;
			sourceTree = "<group>";
		};
		B8C0C9E3196E3B370069C407 /* HTTP Client */ = {
			isa = PBXGroup;
			children = (
				B8C0C9E4196E3B460069C407 /* SPHTTPClient.h */,
				B8C0C9E5196E3B460069C407 /* SPHTTPClient.m */,
				B8C0C9E7196E3BAE0069C407 /* NSError+SP.h */,
				B8C0C9E8196E3BAE0069C407 /* NSError+SP.m */,
				B8C0C9EA196E3BE30069C407 /* SPJSONResponseSerializer.h */,
				B8C0C9EB196E3BE30069C407 /* SPJSONResponseSerializer.m */,
			);
			name = "HTTP Client";
			sourceTree = "<group>";
		};
		B8C0C9ED196E3C960069C407 /* Build */ = {
			isa = PBXGroup;
			children = (
				B8C0C9F2196E3D140069C407 /* SPBuild.h */,
				B8C0C9F3196E3D140069C407 /* SPBuild.m */,
			);
			name = Build;
			sourceTree = "<group>";
		};
		B8C0C9EE196E3CA00069C407 /* Service */ = {
			isa = PBXGroup;
			children = (
				B8C0C9EF196E3CBC0069C407 /* SPService.h */,
				B8C0C9F0196E3CBC0069C407 /* SPService.m */,
			);
			name = Service;
			sourceTree = "<group>";
		};
		B8C0C9F5196E3D8D0069C407 /* Categories */ = {
			isa = PBXGroup;
			children = (
				B8C0C9F6196E3DA60069C407 /* UIView+SP.h */,
				B8C0C9F7196E3DA60069C407 /* UIView+SP.m */,
				B8C0C9F9196E3E020069C407 /* NSDictionary+SP.h */,
				B8C0C9FA196E3E020069C407 /* NSDictionary+SP.m */,
				B8C0C9FC196E3E540069C407 /* NSDate+SP.h */,
				B8C0C9FD196E3E540069C407 /* NSDate+SP.m */,
			);
			name = Categories;
			sourceTree = "<group>";
		};
		B8C0C9FF196E3EFE0069C407 /* Backend Client */ = {
			isa = PBXGroup;
			children = (
				B8C0CA02196E3F2B0069C407 /* SPBackendClient.h */,
				B8C0CA03196E3F2B0069C407 /* SPBackendClient.m */,
			);
			name = "Backend Client";
			sourceTree = "<group>";
		};
		B8C0CA00196E3F040069C407 /* Services */ = {
			isa = PBXGroup;
			children = (
			);
			name = Services;
			sourceTree = "<group>";
		};
		B8C0CA01196E3F0B0069C407 /* Model */ = {
			isa = PBXGroup;
			children = (
				B8C0CA05196E40080069C407 /* Model.xcdatamodeld */,
				B8C0CA08196E400B0069C407 /* Base Classes */,
				B8C0CA09196E40180069C407 /* Class Categories */,
			);
			name = Model;
			sourceTree = "<group>";
		};
		B8C0CA08196E400B0069C407 /* Base Classes */ = {
			isa = PBXGroup;
			children = (
				B8C0CA45196E45B80069C407 /* SPUser.h */,
				B8C0CA46196E45B80069C407 /* SPUser.m */,
				B8C0CA42196E45750069C407 /* SPGroup.h */,
				B8C0CA43196E45750069C407 /* SPGroup.m */,
				B8C0CA3F196E45750069C407 /* SPComment.h */,
				B8C0CA40196E45750069C407 /* SPComment.m */,
				B8C0CA3C196E45750069C407 /* SPObject.h */,
				B8C0CA3D196E45750069C407 /* SPObject.m */,
				B8C0CA39196E45750069C407 /* SPSpot.h */,
				B8C0CA3A196E45750069C407 /* SPSpot.m */,
				B8C0CA36196E45750069C407 /* SPRelationship.h */,
				B8C0CA37196E45750069C407 /* SPRelationship.m */,
			);
			name = "Base Classes";
			sourceTree = "<group>";
		};
		B8C0CA09196E40180069C407 /* Class Categories */ = {
			isa = PBXGroup;
			children = (
				B8C0CA2B196E44AB0069C407 /* Base */,
				B8C0CA2F196E44FF0069C407 /* User */,
				B8C0CA48196E46160069C407 /* Group */,
				B8C0CA4C196E46440069C407 /* Relationship */,
				B8C0CA50196E465F0069C407 /* Spot */,
				B8C0CA54196E46890069C407 /* Comment */,
			);
			name = "Class Categories";
			sourceTree = "<group>";
		};
		B8C0CA2B196E44AB0069C407 /* Base */ = {
			isa = PBXGroup;
			children = (
				B8C0CA2C196E44C20069C407 /* SPObject+SP.h */,
				B8C0CA2D196E44C20069C407 /* SPObject+SP.m */,
			);
			name = Base;
			sourceTree = "<group>";
		};
		B8C0CA2F196E44FF0069C407 /* User */ = {
			isa = PBXGroup;
			children = (
				B8C0CA30196E45110069C407 /* SPUser+SP.h */,
				B8C0CA31196E45110069C407 /* SPUser+SP.m */,
			);
			name = User;
			sourceTree = "<group>";
		};
		B8C0CA48196E46160069C407 /* Group */ = {
			isa = PBXGroup;
			children = (
				B8C0CA49196E46240069C407 /* SPGroup+SP.h */,
				B8C0CA4A196E46240069C407 /* SPGroup+SP.m */,
			);
			name = Group;
			sourceTree = "<group>";
		};
		B8C0CA4C196E46440069C407 /* Relationship */ = {
			isa = PBXGroup;
			children = (
				B8C0CA4D196E46500069C407 /* SPRelationship+SP.h */,
				B8C0CA4E196E46500069C407 /* SPRelationship+SP.m */,
			);
			name = Relationship;
			sourceTree = "<group>";
		};
		B8C0CA50196E465F0069C407 /* Spot */ = {
			isa = PBXGroup;
			children = (
				B8C0CA51196E466B0069C407 /* SPSpot+SP.h */,
				B8C0CA52196E466B0069C407 /* SPSpot+SP.m */,
			);
			name = Spot;
			sourceTree = "<group>";
		};
		B8C0CA54196E46890069C407 /* Comment */ = {
			isa = PBXGroup;
			children = (
				B8C0CA55196E46960069C407 /* SPComment+SP.h */,
				B8C0CA56196E46960069C407 /* SPComment+SP.m */,
			);
			name = Comment;
			sourceTree = "<group>";
		};
/* End PBXGroup section */

/* Begin PBXNativeTarget section */
		B84256A0196C9B02003722D9 /* Spot */ = {
			isa = PBXNativeTarget;
			buildConfigurationList = B84256D3196C9B03003722D9 /* Build configuration list for PBXNativeTarget "Spot" */;
			buildPhases = (
				F787FFE94BD34166B6A29B93 /* Check Pods Manifest.lock */,
				B842569D196C9B02003722D9 /* Sources */,
				B842569E196C9B02003722D9 /* Frameworks */,
				B842569F196C9B02003722D9 /* Resources */,
				9E19025A5BC244CB8B192628 /* Copy Pods Resources */,
			);
			buildRules = (
			);
			dependencies = (
			);
			name = Spot;
			productName = Spot;
			productReference = B84256A1196C9B02003722D9 /* Spot.app */;
			productType = "com.apple.product-type.application";
		};
		B84256C1196C9B03003722D9 /* SpotTests */ = {
			isa = PBXNativeTarget;
			buildConfigurationList = B84256D6196C9B03003722D9 /* Build configuration list for PBXNativeTarget "SpotTests" */;
			buildPhases = (
				B84256BE196C9B03003722D9 /* Sources */,
				B84256BF196C9B03003722D9 /* Frameworks */,
				B84256C0196C9B03003722D9 /* Resources */,
			);
			buildRules = (
			);
			dependencies = (
				B84256C8196C9B03003722D9 /* PBXTargetDependency */,
			);
			name = SpotTests;
			productName = SpotTests;
			productReference = B84256C2196C9B03003722D9 /* SpotTests.xctest */;
			productType = "com.apple.product-type.bundle.unit-test";
		};
/* End PBXNativeTarget section */

/* Begin PBXProject section */
		B8425699196C9B02003722D9 /* Project object */ = {
			isa = PBXProject;
			attributes = {
				CLASSPREFIX = SP;
				LastUpgradeCheck = 0510;
				ORGANIZATIONNAME = abarba.me;
				TargetAttributes = {
					B84256A0196C9B02003722D9 = {
						DevelopmentTeam = EVJS956X67;
						SystemCapabilities = {
							com.apple.BackgroundModes = {
								enabled = 1;
							};
							com.apple.iOS = {
								enabled = 1;
							};
						};
					};
					B84256C1196C9B03003722D9 = {
						TestTargetID = B84256A0196C9B02003722D9;
					};
				};
			};
			buildConfigurationList = B842569C196C9B02003722D9 /* Build configuration list for PBXProject "Spot" */;
			compatibilityVersion = "Xcode 3.2";
			developmentRegion = English;
			hasScannedForEncodings = 0;
			knownRegions = (
				en,
				Base,
			);
			mainGroup = B8425698196C9B02003722D9;
			productRefGroup = B84256A2196C9B02003722D9 /* Products */;
			projectDirPath = "";
			projectRoot = "";
			targets = (
				B84256A0196C9B02003722D9 /* Spot */,
				B84256C1196C9B03003722D9 /* SpotTests */,
			);
		};
/* End PBXProject section */

/* Begin PBXResourcesBuildPhase section */
		B842569F196C9B02003722D9 /* Resources */ = {
			isa = PBXResourcesBuildPhase;
			buildActionMask = 2147483647;
			files = (
				B84256BD196C9B02003722D9 /* Images.xcassets in Resources */,
				B84256AF196C9B02003722D9 /* InfoPlist.strings in Resources */,
				B84256B8196C9B02003722D9 /* Main.storyboard in Resources */,
			);
			runOnlyForDeploymentPostprocessing = 0;
		};
		B84256C0196C9B03003722D9 /* Resources */ = {
			isa = PBXResourcesBuildPhase;
			buildActionMask = 2147483647;
			files = (
				B84256CE196C9B03003722D9 /* InfoPlist.strings in Resources */,
			);
			runOnlyForDeploymentPostprocessing = 0;
		};
/* End PBXResourcesBuildPhase section */

/* Begin PBXShellScriptBuildPhase section */
		9E19025A5BC244CB8B192628 /* Copy Pods Resources */ = {
			isa = PBXShellScriptBuildPhase;
			buildActionMask = 2147483647;
			files = (
			);
			inputPaths = (
			);
			name = "Copy Pods Resources";
			outputPaths = (
			);
			runOnlyForDeploymentPostprocessing = 0;
			shellPath = /bin/sh;
			shellScript = "\"${SRCROOT}/Pods/Pods-resources.sh\"\n";
			showEnvVarsInLog = 0;
		};
		F787FFE94BD34166B6A29B93 /* Check Pods Manifest.lock */ = {
			isa = PBXShellScriptBuildPhase;
			buildActionMask = 2147483647;
			files = (
			);
			inputPaths = (
			);
			name = "Check Pods Manifest.lock";
			outputPaths = (
			);
			runOnlyForDeploymentPostprocessing = 0;
			shellPath = /bin/sh;
			shellScript = "diff \"${PODS_ROOT}/../Podfile.lock\" \"${PODS_ROOT}/Manifest.lock\" > /dev/null\nif [[ $? != 0 ]] ; then\n    cat << EOM\nerror: The sandbox is not in sync with the Podfile.lock. Run 'pod install' or update your CocoaPods installation.\nEOM\n    exit 1\nfi\n";
			showEnvVarsInLog = 0;
		};
/* End PBXShellScriptBuildPhase section */

/* Begin PBXSourcesBuildPhase section */
		B842569D196C9B02003722D9 /* Sources */ = {
			isa = PBXSourcesBuildPhase;
			buildActionMask = 2147483647;
			files = (
				B8C0C9F8196E3DA60069C407 /* UIView+SP.m in Sources */,
				B84256B1196C9B02003722D9 /* main.m in Sources */,
				B8C0CA07196E40080069C407 /* Model.xcdatamodeld in Sources */,
				B8C0C9E9196E3BAE0069C407 /* NSError+SP.m in Sources */,
				B84256BB196C9B02003722D9 /* SPViewController.m in Sources */,
				B8C0CA57196E46960069C407 /* SPComment+SP.m in Sources */,
				B8C0CA04196E3F2B0069C407 /* SPBackendClient.m in Sources */,
				B8C0CA32196E45110069C407 /* SPUser+SP.m in Sources */,
				B8C0CA2E196E44C20069C407 /* SPObject+SP.m in Sources */,
				B8C0CA41196E45750069C407 /* SPComment.m in Sources */,
				B8C0CA3E196E45750069C407 /* SPObject.m in Sources */,
				B8C0C9EC196E3BE30069C407 /* SPJSONResponseSerializer.m in Sources */,
				B8C0CA4F196E46500069C407 /* SPRelationship+SP.m in Sources */,
				B8C0C9FE196E3E540069C407 /* NSDate+SP.m in Sources */,
				B8C0C9DE196E3A410069C407 /* SPKeychainService.m in Sources */,
				B8C0CA4B196E46240069C407 /* SPGroup+SP.m in Sources */,
				B8C0C9F4196E3D140069C407 /* SPBuild.m in Sources */,
				B8C0C9F1196E3CBC0069C407 /* SPService.m in Sources */,
				B84256B5196C9B02003722D9 /* SPAppDelegate.m in Sources */,
				B8C0CA47196E45B80069C407 /* SPUser.m in Sources */,
				B8C0CA3B196E45750069C407 /* SPSpot.m in Sources */,
				B8C0C9FB196E3E020069C407 /* NSDictionary+SP.m in Sources */,
				B8C0CA53196E466B0069C407 /* SPSpot+SP.m in Sources */,
				B8C0CA38196E45750069C407 /* SPRelationship.m in Sources */,
				B8C0C9E2196E3A900069C407 /* SPDispatch.m in Sources */,
				B8C0CA44196E45750069C407 /* SPGroup.m in Sources */,
				B8C0C9E6196E3B460069C407 /* SPHTTPClient.m in Sources */,
			);
			runOnlyForDeploymentPostprocessing = 0;
		};
		B84256BE196C9B03003722D9 /* Sources */ = {
			isa = PBXSourcesBuildPhase;
			buildActionMask = 2147483647;
			files = (
				B84256D0196C9B03003722D9 /* SpotTests.m in Sources */,
			);
			runOnlyForDeploymentPostprocessing = 0;
		};
/* End PBXSourcesBuildPhase section */

/* Begin PBXTargetDependency section */
		B84256C8196C9B03003722D9 /* PBXTargetDependency */ = {
			isa = PBXTargetDependency;
			target = B84256A0196C9B02003722D9 /* Spot */;
			targetProxy = B84256C7196C9B03003722D9 /* PBXContainerItemProxy */;
		};
/* End PBXTargetDependency section */

/* Begin PBXVariantGroup section */
		B84256AD196C9B02003722D9 /* InfoPlist.strings */ = {
			isa = PBXVariantGroup;
			children = (
				B84256AE196C9B02003722D9 /* en */,
			);
			name = InfoPlist.strings;
			sourceTree = "<group>";
		};
		B84256B6196C9B02003722D9 /* Main.storyboard */ = {
			isa = PBXVariantGroup;
			children = (
				B84256B7196C9B02003722D9 /* Base */,
			);
			name = Main.storyboard;
			sourceTree = "<group>";
		};
		B84256CC196C9B03003722D9 /* InfoPlist.strings */ = {
			isa = PBXVariantGroup;
			children = (
				B84256CD196C9B03003722D9 /* en */,
			);
			name = InfoPlist.strings;
			sourceTree = "<group>";
		};
/* End PBXVariantGroup section */

/* Begin XCBuildConfiguration section */
		B84256D1196C9B03003722D9 /* Development */ = {
			isa = XCBuildConfiguration;
			buildSettings = {
				ALWAYS_SEARCH_USER_PATHS = NO;
				CLANG_CXX_LANGUAGE_STANDARD = "gnu++0x";
				CLANG_CXX_LIBRARY = "libc++";
				CLANG_ENABLE_MODULES = YES;
				CLANG_ENABLE_OBJC_ARC = YES;
				CLANG_WARN_BOOL_CONVERSION = YES;
				CLANG_WARN_CONSTANT_CONVERSION = YES;
				CLANG_WARN_DIRECT_OBJC_ISA_USAGE = YES_ERROR;
				CLANG_WARN_EMPTY_BODY = YES;
				CLANG_WARN_ENUM_CONVERSION = YES;
				CLANG_WARN_INT_CONVERSION = YES;
				CLANG_WARN_OBJC_ROOT_CLASS = YES_ERROR;
				CLANG_WARN__DUPLICATE_METHOD_MATCH = YES;
				"CODE_SIGN_IDENTITY[sdk=iphoneos*]" = "iPhone Developer";
				COPY_PHASE_STRIP = NO;
				GCC_C_LANGUAGE_STANDARD = gnu99;
				GCC_DYNAMIC_NO_PIC = NO;
				GCC_OPTIMIZATION_LEVEL = 0;
				GCC_PREPROCESSOR_DEFINITIONS = (
					"DEBUG=1",
					"$(inherited)",
				);
				GCC_SYMBOLS_PRIVATE_EXTERN = NO;
				GCC_WARN_64_TO_32_BIT_CONVERSION = YES;
				GCC_WARN_ABOUT_RETURN_TYPE = YES_ERROR;
				GCC_WARN_UNDECLARED_SELECTOR = YES;
				GCC_WARN_UNINITIALIZED_AUTOS = YES_AGGRESSIVE;
				GCC_WARN_UNUSED_FUNCTION = YES;
				GCC_WARN_UNUSED_VARIABLE = YES;
				IPHONEOS_DEPLOYMENT_TARGET = 7.1;
				ONLY_ACTIVE_ARCH = YES;
				SDKROOT = iphoneos;
			};
			name = Development;
		};
		B84256D2196C9B03003722D9 /* App Store */ = {
			isa = XCBuildConfiguration;
			buildSettings = {
				ALWAYS_SEARCH_USER_PATHS = NO;
				CLANG_CXX_LANGUAGE_STANDARD = "gnu++0x";
				CLANG_CXX_LIBRARY = "libc++";
				CLANG_ENABLE_MODULES = YES;
				CLANG_ENABLE_OBJC_ARC = YES;
				CLANG_WARN_BOOL_CONVERSION = YES;
				CLANG_WARN_CONSTANT_CONVERSION = YES;
				CLANG_WARN_DIRECT_OBJC_ISA_USAGE = YES_ERROR;
				CLANG_WARN_EMPTY_BODY = YES;
				CLANG_WARN_ENUM_CONVERSION = YES;
				CLANG_WARN_INT_CONVERSION = YES;
				CLANG_WARN_OBJC_ROOT_CLASS = YES_ERROR;
				CLANG_WARN__DUPLICATE_METHOD_MATCH = YES;
				"CODE_SIGN_IDENTITY[sdk=iphoneos*]" = "iPhone Developer";
				COPY_PHASE_STRIP = YES;
				ENABLE_NS_ASSERTIONS = NO;
				GCC_C_LANGUAGE_STANDARD = gnu99;
				GCC_WARN_64_TO_32_BIT_CONVERSION = YES;
				GCC_WARN_ABOUT_RETURN_TYPE = YES_ERROR;
				GCC_WARN_UNDECLARED_SELECTOR = YES;
				GCC_WARN_UNINITIALIZED_AUTOS = YES_AGGRESSIVE;
				GCC_WARN_UNUSED_FUNCTION = YES;
				GCC_WARN_UNUSED_VARIABLE = YES;
				IPHONEOS_DEPLOYMENT_TARGET = 7.1;
				SDKROOT = iphoneos;
				VALIDATE_PRODUCT = YES;
			};
			name = "App Store";
		};
		B84256D4196C9B03003722D9 /* Development */ = {
			isa = XCBuildConfiguration;
			baseConfigurationReference = FE1E6EBD08454E3B912FB5EC /* Pods.xcconfig */;
			buildSettings = {
				ASSETCATALOG_COMPILER_APPICON_NAME = AppIcon;
				ASSETCATALOG_COMPILER_LAUNCHIMAGE_NAME = LaunchImage;
				CODE_SIGN_IDENTITY = "iPhone Developer: Andrew Barba (3HBALB27CG)";
				"CODE_SIGN_IDENTITY[sdk=iphoneos*]" = "iPhone Developer: Andrew Barba (3HBALB27CG)";
				GCC_PRECOMPILE_PREFIX_HEADER = YES;
				GCC_PREFIX_HEADER = "Spot/Spot-Prefix.pch";
				INFOPLIST_FILE = "Spot/Spot-Info.plist";
				PRODUCT_NAME = "$(TARGET_NAME)";
				PROVISIONING_PROFILE = "3236D7FB-631F-4EFC-AA26-7DF073516A5F";
				WRAPPER_EXTENSION = app;
			};
			name = Development;
		};
		B84256D5196C9B03003722D9 /* App Store */ = {
			isa = XCBuildConfiguration;
			baseConfigurationReference = FE1E6EBD08454E3B912FB5EC /* Pods.xcconfig */;
			buildSettings = {
				ASSETCATALOG_COMPILER_APPICON_NAME = AppIcon;
				ASSETCATALOG_COMPILER_LAUNCHIMAGE_NAME = LaunchImage;
				CODE_SIGN_IDENTITY = "iPhone Distribution: Andrew Barba (EVJS956X67)";
				"CODE_SIGN_IDENTITY[sdk=iphoneos*]" = "iPhone Distribution: Andrew Barba (EVJS956X67)";
				GCC_PRECOMPILE_PREFIX_HEADER = YES;
				GCC_PREFIX_HEADER = "Spot/Spot-Prefix.pch";
				INFOPLIST_FILE = "Spot/Spot-Info.plist";
				PRODUCT_NAME = "$(TARGET_NAME)";
				PROVISIONING_PROFILE = "5219B909-3E9B-4B8D-BF3E-216B24771F5D";
				WRAPPER_EXTENSION = app;
			};
			name = "App Store";
		};
		B84256D7196C9B03003722D9 /* Development */ = {
			isa = XCBuildConfiguration;
			buildSettings = {
				BUNDLE_LOADER = "$(BUILT_PRODUCTS_DIR)/Spot.app/Spot";
				FRAMEWORK_SEARCH_PATHS = (
					"$(SDKROOT)/Developer/Library/Frameworks",
					"$(inherited)",
					"$(DEVELOPER_FRAMEWORKS_DIR)",
				);
				GCC_PRECOMPILE_PREFIX_HEADER = YES;
				GCC_PREFIX_HEADER = "Spot/Spot-Prefix.pch";
				GCC_PREPROCESSOR_DEFINITIONS = (
					"DEBUG=1",
					"$(inherited)",
				);
				INFOPLIST_FILE = "SpotTests/SpotTests-Info.plist";
				PRODUCT_NAME = "$(TARGET_NAME)";
				TEST_HOST = "$(BUNDLE_LOADER)";
				WRAPPER_EXTENSION = xctest;
			};
			name = Development;
		};
		B84256D8196C9B03003722D9 /* App Store */ = {
			isa = XCBuildConfiguration;
			buildSettings = {
				BUNDLE_LOADER = "$(BUILT_PRODUCTS_DIR)/Spot.app/Spot";
				FRAMEWORK_SEARCH_PATHS = (
					"$(SDKROOT)/Developer/Library/Frameworks",
					"$(inherited)",
					"$(DEVELOPER_FRAMEWORKS_DIR)",
				);
				GCC_PRECOMPILE_PREFIX_HEADER = YES;
				GCC_PREFIX_HEADER = "Spot/Spot-Prefix.pch";
				INFOPLIST_FILE = "SpotTests/SpotTests-Info.plist";
				PRODUCT_NAME = "$(TARGET_NAME)";
				TEST_HOST = "$(BUNDLE_LOADER)";
				WRAPPER_EXTENSION = xctest;
			};
			name = "App Store";
		};
		B85AFD58196CECF500924734 /* TestFlight */ = {
			isa = XCBuildConfiguration;
			buildSettings = {
				ALWAYS_SEARCH_USER_PATHS = NO;
				CLANG_CXX_LANGUAGE_STANDARD = "gnu++0x";
				CLANG_CXX_LIBRARY = "libc++";
				CLANG_ENABLE_MODULES = YES;
				CLANG_ENABLE_OBJC_ARC = YES;
				CLANG_WARN_BOOL_CONVERSION = YES;
				CLANG_WARN_CONSTANT_CONVERSION = YES;
				CLANG_WARN_DIRECT_OBJC_ISA_USAGE = YES_ERROR;
				CLANG_WARN_EMPTY_BODY = YES;
				CLANG_WARN_ENUM_CONVERSION = YES;
				CLANG_WARN_INT_CONVERSION = YES;
				CLANG_WARN_OBJC_ROOT_CLASS = YES_ERROR;
				CLANG_WARN__DUPLICATE_METHOD_MATCH = YES;
				"CODE_SIGN_IDENTITY[sdk=iphoneos*]" = "iPhone Developer";
				COPY_PHASE_STRIP = YES;
				ENABLE_NS_ASSERTIONS = NO;
				GCC_C_LANGUAGE_STANDARD = gnu99;
				GCC_WARN_64_TO_32_BIT_CONVERSION = YES;
				GCC_WARN_ABOUT_RETURN_TYPE = YES_ERROR;
				GCC_WARN_UNDECLARED_SELECTOR = YES;
				GCC_WARN_UNINITIALIZED_AUTOS = YES_AGGRESSIVE;
				GCC_WARN_UNUSED_FUNCTION = YES;
				GCC_WARN_UNUSED_VARIABLE = YES;
				IPHONEOS_DEPLOYMENT_TARGET = 7.1;
				SDKROOT = iphoneos;
				VALIDATE_PRODUCT = YES;
			};
			name = TestFlight;
		};
		B85AFD59196CECF500924734 /* TestFlight */ = {
			isa = XCBuildConfiguration;
			baseConfigurationReference = FE1E6EBD08454E3B912FB5EC /* Pods.xcconfig */;
			buildSettings = {
				ASSETCATALOG_COMPILER_APPICON_NAME = AppIcon;
				ASSETCATALOG_COMPILER_LAUNCHIMAGE_NAME = LaunchImage;
				CODE_SIGN_IDENTITY = "iPhone Distribution: Andrew Barba (EVJS956X67)";
				"CODE_SIGN_IDENTITY[sdk=iphoneos*]" = "iPhone Distribution: Andrew Barba (EVJS956X67)";
				GCC_PRECOMPILE_PREFIX_HEADER = YES;
				GCC_PREFIX_HEADER = "Spot/Spot-Prefix.pch";
				INFOPLIST_FILE = "Spot/Spot-Info.plist";
				PRODUCT_NAME = "$(TARGET_NAME)";
				PROVISIONING_PROFILE = "68EA83D5-5B30-4896-A1A7-8BF646C56574";
				WRAPPER_EXTENSION = app;
			};
			name = TestFlight;
		};
		B85AFD5A196CECF500924734 /* TestFlight */ = {
			isa = XCBuildConfiguration;
			buildSettings = {
				BUNDLE_LOADER = "$(BUILT_PRODUCTS_DIR)/Spot.app/Spot";
				FRAMEWORK_SEARCH_PATHS = (
					"$(SDKROOT)/Developer/Library/Frameworks",
					"$(inherited)",
					"$(DEVELOPER_FRAMEWORKS_DIR)",
				);
				GCC_PRECOMPILE_PREFIX_HEADER = YES;
				GCC_PREFIX_HEADER = "Spot/Spot-Prefix.pch";
				INFOPLIST_FILE = "SpotTests/SpotTests-Info.plist";
				PRODUCT_NAME = "$(TARGET_NAME)";
				TEST_HOST = "$(BUNDLE_LOADER)";
				WRAPPER_EXTENSION = xctest;
			};
			name = TestFlight;
		};
/* End XCBuildConfiguration section */

/* Begin XCConfigurationList section */
		B842569C196C9B02003722D9 /* Build configuration list for PBXProject "Spot" */ = {
			isa = XCConfigurationList;
			buildConfigurations = (
				B84256D1196C9B03003722D9 /* Development */,
				B84256D2196C9B03003722D9 /* App Store */,
				B85AFD58196CECF500924734 /* TestFlight */,
			);
			defaultConfigurationIsVisible = 0;
			defaultConfigurationName = "App Store";
		};
		B84256D3196C9B03003722D9 /* Build configuration list for PBXNativeTarget "Spot" */ = {
			isa = XCConfigurationList;
			buildConfigurations = (
				B84256D4196C9B03003722D9 /* Development */,
				B84256D5196C9B03003722D9 /* App Store */,
				B85AFD59196CECF500924734 /* TestFlight */,
			);
			defaultConfigurationIsVisible = 0;
			defaultConfigurationName = "App Store";
		};
		B84256D6196C9B03003722D9 /* Build configuration list for PBXNativeTarget "SpotTests" */ = {
			isa = XCConfigurationList;
			buildConfigurations = (
				B84256D7196C9B03003722D9 /* Development */,
				B84256D8196C9B03003722D9 /* App Store */,
				B85AFD5A196CECF500924734 /* TestFlight */,
			);
			defaultConfigurationIsVisible = 0;
			defaultConfigurationName = "App Store";
		};
/* End XCConfigurationList section */

/* Begin XCVersionGroup section */
		B8C0CA05196E40080069C407 /* Model.xcdatamodeld */ = {
			isa = XCVersionGroup;
			children = (
				B8C0CA06196E40080069C407 /* Model.xcdatamodel */,
			);
			currentVersion = B8C0CA06196E40080069C407 /* Model.xcdatamodel */;
			path = Model.xcdatamodeld;
			sourceTree = "<group>";
			versionGroupType = wrapper.xcdatamodel;
		};
/* End XCVersionGroup section */
	};
	rootObject = B8425699196C9B02003722D9 /* Project object */;
}
